{
  "lockfile_version": "1",
  "packages": {
    "bat@0.24.0": {
      "last_modified": "2024-02-24T23:06:34Z",
      "resolved": "github:NixOS/nixpkgs/9a9dae8f6319600fa9aebde37f340975cab4b8c0#bat",
      "source": "devbox-search",
      "version": "0.24.0",
      "systems": {
        "aarch64-darwin": {
          "store_path": "/nix/store/43ixsdb4ksw9lvbsy3zvwka74myrr62v-bat-0.24.0"
        },
        "aarch64-linux": {
          "store_path": "/nix/store/zvs97w08g5bzf0p70fj2iag0pm2y6lms-bat-0.24.0"
        },
        "x86_64-darwin": {
          "store_path": "/nix/store/bsywa983fl6sk4df7jh89ym2jz81v65q-bat-0.24.0"
        },
        "x86_64-linux": {
          "store_path": "/nix/store/k4rwiqjqqbhd6nsw3ypfifhjjcygym3y-bat-0.24.0"
        }
      }
    },
    "kind@0.22.0": {
      "last_modified": "2024-02-24T23:06:34Z",
      "resolved": "github:NixOS/nixpkgs/9a9dae8f6319600fa9aebde37f340975cab4b8c0#kind",
      "source": "devbox-search",
      "version": "0.22.0",
      "systems": {
        "aarch64-darwin": {
          "store_path": "/nix/store/s1p8n64s110a0c8px2d5k3d69lza5qzq-kind-0.22.0"
        },
        "aarch64-linux": {
          "store_path": "/nix/store/cskgcb61xxqjvc24h6x2qdjlx7in9z94-kind-0.22.0"
        },
        "x86_64-darwin": {
          "store_path": "/nix/store/5z2dird3mwkikxli3l108bd2nyqqm97m-kind-0.22.0"
        },
        "x86_64-linux": {
          "store_path": "/nix/store/8i78jy3332ja1i5knwdi88240i90f69z-kind-0.22.0"
        }
      }
    },
    "kubectl@1.29.2": {
      "last_modified": "2024-02-24T23:06:34Z",
      "resolved": "github:NixOS/nixpkgs/9a9dae8f6319600fa9aebde37f340975cab4b8c0#kubectl",
      "source": "devbox-search",
      "version": "1.29.2",
      "systems": {
        "aarch64-darwin": {
          "store_path": "/nix/store/ybqhvn4lf84h73krglxb4kjzacbadzmf-kubectl-1.29.2"
        },
        "aarch64-linux": {
          "store_path": "/nix/store/6755ladirg5n76n7j8q1fmy1z896623l-kubectl-1.29.2"
        },
        "x86_64-darwin": {
          "store_path": "/nix/store/njzmn0shqfz70hqdil9l12xf6x2vzlmz-kubectl-1.29.2"
        },
        "x86_64-linux": {
          "store_path": "/nix/store/l0pzdwk3fmqp7q4z0skblklnmdrykqp3-kubectl-1.29.2"
        }
      }
    },
    "kubernetes-helm@3.14.2": {
      "last_modified": "2024-02-24T23:06:34Z",
      "resolved": "github:NixOS/nixpkgs/9a9dae8f6319600fa9aebde37f340975cab4b8c0#kubernetes-helm",
      "source": "devbox-search",
      "version": "3.14.2",
      "systems": {
        "aarch64-darwin": {
          "store_path": "/nix/store/95ngnzd3lhj8w1rs4yaa3783f9dcpmw0-kubernetes-helm-3.14.2"
        },
        "aarch64-linux": {
          "store_path": "/nix/store/m2a6za3kgx7c9gj4c6dp8yrl19y8ybba-kubernetes-helm-3.14.2"
        },
        "x86_64-darwin": {
          "store_path": "/nix/store/62h63smhvj8cxdp1973x5323brykp5z2-kubernetes-helm-3.14.2"
        },
        "x86_64-linux": {
          "store_path": "/nix/store/dcsaszcv7kyipc2l4r9qwpnk2j9kizq0-kubernetes-helm-3.14.2"
        }
      }
    }
  }
}
